// !$*UTF8*$!
{
	archiveVersion = 1;
	classes = {
	};
	objectVersion = 46;
	objects = {

/* Begin PBXBuildFile section */
		070BCAF61B5D4BC1004C9C8D /* Bolts.framework in Frameworks */ = {isa = PBXBuildFile; fileRef = 070BCAF41B5D4BC1004C9C8D /* Bolts.framework */; };
		070BCAF71B5D4BC1004C9C8D /* Parse.framework in Frameworks */ = {isa = PBXBuildFile; fileRef = 070BCAF51B5D4BC1004C9C8D /* Parse.framework */; };
		070BCAF91B5D4BED004C9C8D /* AudioToolbox.framework in Frameworks */ = {isa = PBXBuildFile; fileRef = 070BCAF81B5D4BED004C9C8D /* AudioToolbox.framework */; };
		070BCAFB1B5D4BF5004C9C8D /* CFNetwork.framework in Frameworks */ = {isa = PBXBuildFile; fileRef = 070BCAFA1B5D4BF5004C9C8D /* CFNetwork.framework */; };
		070BCAFD1B5D4BFC004C9C8D /* CoreGraphics.framework in Frameworks */ = {isa = PBXBuildFile; fileRef = 070BCAFC1B5D4BFC004C9C8D /* CoreGraphics.framework */; };
		070BCAFF1B5D4C05004C9C8D /* QuartzCore.framework in Frameworks */ = {isa = PBXBuildFile; fileRef = 070BCAFE1B5D4C05004C9C8D /* QuartzCore.framework */; };
		070BCB011B5D4C0E004C9C8D /* Security.framework in Frameworks */ = {isa = PBXBuildFile; fileRef = 070BCB001B5D4C0E004C9C8D /* Security.framework */; };
		070BCB031B5D4C16004C9C8D /* StoreKit.framework in Frameworks */ = {isa = PBXBuildFile; fileRef = 070BCB021B5D4C16004C9C8D /* StoreKit.framework */; };
		070BCB051B5D4C1D004C9C8D /* SystemConfiguration.framework in Frameworks */ = {isa = PBXBuildFile; fileRef = 070BCB041B5D4C1D004C9C8D /* SystemConfiguration.framework */; };
		070BCB071B5D4C24004C9C8D /* libz.dylib in Frameworks */ = {isa = PBXBuildFile; fileRef = 070BCB061B5D4C24004C9C8D /* libz.dylib */; };
		070BCB091B5D4C2C004C9C8D /* libsqlite3.dylib in Frameworks */ = {isa = PBXBuildFile; fileRef = 070BCB081B5D4C2C004C9C8D /* libsqlite3.dylib */; };
		073320BB1B5D6B8000416270 /* ProgressHUD.bundle in Resources */ = {isa = PBXBuildFile; fileRef = 073320B81B5D6B8000416270 /* ProgressHUD.bundle */; };
		073320BC1B5D6B8000416270 /* ProgressHUD.m in Sources */ = {isa = PBXBuildFile; fileRef = 073320BA1B5D6B8000416270 /* ProgressHUD.m */; };
		07363B131B5D49BA00709C14 /* AppDelegate.swift in Sources */ = {isa = PBXBuildFile; fileRef = 07363B121B5D49BA00709C14 /* AppDelegate.swift */; };
		07363B151B5D49BA00709C14 /* ViewController.swift in Sources */ = {isa = PBXBuildFile; fileRef = 07363B141B5D49BA00709C14 /* ViewController.swift */; };
		07363B181B5D49BA00709C14 /* Main.storyboard in Resources */ = {isa = PBXBuildFile; fileRef = 07363B161B5D49BA00709C14 /* Main.storyboard */; };
		07363B1A1B5D49BA00709C14 /* Images.xcassets in Resources */ = {isa = PBXBuildFile; fileRef = 07363B191B5D49BA00709C14 /* Images.xcassets */; };
		07363B1D1B5D49BA00709C14 /* LaunchScreen.xib in Resources */ = {isa = PBXBuildFile; fileRef = 07363B1B1B5D49BA00709C14 /* LaunchScreen.xib */; };
		07363B291B5D49BA00709C14 /* KiwiTests.swift in Sources */ = {isa = PBXBuildFile; fileRef = 07363B281B5D49BA00709C14 /* KiwiTests.swift */; };
		0756EBD51B5D5D1E00E1B69D /* signIn:Up.storyboard in Resources */ = {isa = PBXBuildFile; fileRef = 0756EBD41B5D5D1E00E1B69D /* signIn:Up.storyboard */; };
		0756EBD71B5D62DE00E1B69D /* signUpVC.swift in Sources */ = {isa = PBXBuildFile; fileRef = 0756EBD61B5D62DE00E1B69D /* signUpVC.swift */; };
		075BF2BD1B5D96D900FCBB82 /* walk2VC.swift in Sources */ = {isa = PBXBuildFile; fileRef = 075BF2BC1B5D96D900FCBB82 /* walk2VC.swift */; };
		076ADCAD1B5E1C6F00949710 /* profile.storyboard in Resources */ = {isa = PBXBuildFile; fileRef = 076ADCAC1B5E1C6F00949710 /* profile.storyboard */; };
		076ADCAF1B5E1D4200949710 /* profileTBVC.swift in Sources */ = {isa = PBXBuildFile; fileRef = 076ADCAE1B5E1D4200949710 /* profileTBVC.swift */; };
		076ADCB11B5E1E4D00949710 /* profileVC.swift in Sources */ = {isa = PBXBuildFile; fileRef = 076ADCB01B5E1E4D00949710 /* profileVC.swift */; };
		076ADCB31B5E9B7C00949710 /* profileSVC.swift in Sources */ = {isa = PBXBuildFile; fileRef = 076ADCB21B5E9B7C00949710 /* profileSVC.swift */; };
		0770628B1B5DA3E9002C81AB /* walk3VC.swift in Sources */ = {isa = PBXBuildFile; fileRef = 0770628A1B5DA3E9002C81AB /* walk3VC.swift */; };
		0770628D1B5DA4B2002C81AB /* walkSkillTVC.swift in Sources */ = {isa = PBXBuildFile; fileRef = 0770628C1B5DA4B2002C81AB /* walkSkillTVC.swift */; };
		077062911B5DB125002C81AB /* TagListView.swift in Sources */ = {isa = PBXBuildFile; fileRef = 0770628F1B5DB125002C81AB /* TagListView.swift */; };
		077062921B5DB125002C81AB /* TagView.swift in Sources */ = {isa = PBXBuildFile; fileRef = 077062901B5DB125002C81AB /* TagView.swift */; };
		077062941B5DB4EC002C81AB /* walk4VC.swift in Sources */ = {isa = PBXBuildFile; fileRef = 077062931B5DB4EC002C81AB /* walk4VC.swift */; };
		077062961B5DB5C7002C81AB /* central.storyboard in Resources */ = {isa = PBXBuildFile; fileRef = 077062951B5DB5C7002C81AB /* central.storyboard */; };
		07967E5F1B5D73DB00CF4ADD /* signInVC.swift in Sources */ = {isa = PBXBuildFile; fileRef = 07967E5E1B5D73DB00CF4ADD /* signInVC.swift */; };
		07F7D8DB1B5D78C90047C0D0 /* walkThrough.storyboard in Resources */ = {isa = PBXBuildFile; fileRef = 07F7D8DA1B5D78C90047C0D0 /* walkThrough.storyboard */; };
		07F7D8DD1B5D7C190047C0D0 /* walk1VC.swift in Sources */ = {isa = PBXBuildFile; fileRef = 07F7D8DC1B5D7C190047C0D0 /* walk1VC.swift */; };
		07F7D8E01B5D8E370047C0D0 /* camera.m in Sources */ = {isa = PBXBuildFile; fileRef = 07F7D8DF1B5D8E370047C0D0 /* camera.m */; };
		4C4DD5C0217DA69CD994D119 /* Pods.framework in Frameworks */ = {isa = PBXBuildFile; fileRef = EFDA2CCDE3F7A20B2DC81D1D /* Pods.framework */; settings = {ATTRIBUTES = (Weak, ); }; };
/* End PBXBuildFile section */

/* Begin PBXContainerItemProxy section */
		07363B231B5D49BA00709C14 /* PBXContainerItemProxy */ = {
			isa = PBXContainerItemProxy;
			containerPortal = 07363B051B5D49B900709C14 /* Project object */;
			proxyType = 1;
			remoteGlobalIDString = 07363B0C1B5D49B900709C14;
			remoteInfo = Kiwi;
		};
/* End PBXContainerItemProxy section */

/* Begin PBXFileReference section */
		070BCAF11B5D4B19004C9C8D /* Kiwi-Bridging-Header.h */ = {isa = PBXFileReference; lastKnownFileType = sourcecode.c.h; path = "Kiwi-Bridging-Header.h"; sourceTree = "<group>"; };
		070BCAF41B5D4BC1004C9C8D /* Bolts.framework */ = {isa = PBXFileReference; lastKnownFileType = wrapper.framework; path = Bolts.framework; sourceTree = "<group>"; };
		070BCAF51B5D4BC1004C9C8D /* Parse.framework */ = {isa = PBXFileReference; lastKnownFileType = wrapper.framework; path = Parse.framework; sourceTree = "<group>"; };
		070BCAF81B5D4BED004C9C8D /* AudioToolbox.framework */ = {isa = PBXFileReference; lastKnownFileType = wrapper.framework; name = AudioToolbox.framework; path = System/Library/Frameworks/AudioToolbox.framework; sourceTree = SDKROOT; };
		070BCAFA1B5D4BF5004C9C8D /* CFNetwork.framework */ = {isa = PBXFileReference; lastKnownFileType = wrapper.framework; name = CFNetwork.framework; path = System/Library/Frameworks/CFNetwork.framework; sourceTree = SDKROOT; };
		070BCAFC1B5D4BFC004C9C8D /* CoreGraphics.framework */ = {isa = PBXFileReference; lastKnownFileType = wrapper.framework; name = CoreGraphics.framework; path = System/Library/Frameworks/CoreGraphics.framework; sourceTree = SDKROOT; };
		070BCAFE1B5D4C05004C9C8D /* QuartzCore.framework */ = {isa = PBXFileReference; lastKnownFileType = wrapper.framework; name = QuartzCore.framework; path = System/Library/Frameworks/QuartzCore.framework; sourceTree = SDKROOT; };
		070BCB001B5D4C0E004C9C8D /* Security.framework */ = {isa = PBXFileReference; lastKnownFileType = wrapper.framework; name = Security.framework; path = System/Library/Frameworks/Security.framework; sourceTree = SDKROOT; };
		070BCB021B5D4C16004C9C8D /* StoreKit.framework */ = {isa = PBXFileReference; lastKnownFileType = wrapper.framework; name = StoreKit.framework; path = System/Library/Frameworks/StoreKit.framework; sourceTree = SDKROOT; };
		070BCB041B5D4C1D004C9C8D /* SystemConfiguration.framework */ = {isa = PBXFileReference; lastKnownFileType = wrapper.framework; name = SystemConfiguration.framework; path = System/Library/Frameworks/SystemConfiguration.framework; sourceTree = SDKROOT; };
		070BCB061B5D4C24004C9C8D /* libz.dylib */ = {isa = PBXFileReference; lastKnownFileType = "compiled.mach-o.dylib"; name = libz.dylib; path = usr/lib/libz.dylib; sourceTree = SDKROOT; };
		070BCB081B5D4C2C004C9C8D /* libsqlite3.dylib */ = {isa = PBXFileReference; lastKnownFileType = "compiled.mach-o.dylib"; name = libsqlite3.dylib; path = usr/lib/libsqlite3.dylib; sourceTree = SDKROOT; };
		073320B81B5D6B8000416270 /* ProgressHUD.bundle */ = {isa = PBXFileReference; lastKnownFileType = "wrapper.plug-in"; path = ProgressHUD.bundle; sourceTree = "<group>"; };
		073320B91B5D6B8000416270 /* ProgressHUD.h */ = {isa = PBXFileReference; fileEncoding = 4; lastKnownFileType = sourcecode.c.h; path = ProgressHUD.h; sourceTree = "<group>"; };
		073320BA1B5D6B8000416270 /* ProgressHUD.m */ = {isa = PBXFileReference; fileEncoding = 4; lastKnownFileType = sourcecode.c.objc; path = ProgressHUD.m; sourceTree = "<group>"; };
		07363B0D1B5D49BA00709C14 /* Kiwi.app */ = {isa = PBXFileReference; explicitFileType = wrapper.application; includeInIndex = 0; path = Kiwi.app; sourceTree = BUILT_PRODUCTS_DIR; };
		07363B111B5D49BA00709C14 /* Info.plist */ = {isa = PBXFileReference; lastKnownFileType = text.plist.xml; path = Info.plist; sourceTree = "<group>"; };
		07363B121B5D49BA00709C14 /* AppDelegate.swift */ = {isa = PBXFileReference; lastKnownFileType = sourcecode.swift; path = AppDelegate.swift; sourceTree = "<group>"; };
		07363B141B5D49BA00709C14 /* ViewController.swift */ = {isa = PBXFileReference; lastKnownFileType = sourcecode.swift; path = ViewController.swift; sourceTree = "<group>"; };
		07363B171B5D49BA00709C14 /* Base */ = {isa = PBXFileReference; lastKnownFileType = file.storyboard; name = Base; path = Base.lproj/Main.storyboard; sourceTree = "<group>"; };
		07363B191B5D49BA00709C14 /* Images.xcassets */ = {isa = PBXFileReference; lastKnownFileType = folder.assetcatalog; path = Images.xcassets; sourceTree = "<group>"; };
		07363B1C1B5D49BA00709C14 /* Base */ = {isa = PBXFileReference; lastKnownFileType = file.xib; name = Base; path = Base.lproj/LaunchScreen.xib; sourceTree = "<group>"; };
		07363B221B5D49BA00709C14 /* KiwiTests.xctest */ = {isa = PBXFileReference; explicitFileType = wrapper.cfbundle; includeInIndex = 0; path = KiwiTests.xctest; sourceTree = BUILT_PRODUCTS_DIR; };
		07363B271B5D49BA00709C14 /* Info.plist */ = {isa = PBXFileReference; lastKnownFileType = text.plist.xml; path = Info.plist; sourceTree = "<group>"; };
		07363B281B5D49BA00709C14 /* KiwiTests.swift */ = {isa = PBXFileReference; lastKnownFileType = sourcecode.swift; path = KiwiTests.swift; sourceTree = "<group>"; };
		0756EBD21B5D571E00E1B69D /* Lato-Thin.ttf */ = {isa = PBXFileReference; lastKnownFileType = file; path = "Lato-Thin.ttf"; sourceTree = "<group>"; };
		0756EBD31B5D572700E1B69D /* Lato-Bold.ttf */ = {isa = PBXFileReference; lastKnownFileType = file; path = "Lato-Bold.ttf"; sourceTree = "<group>"; };
		0756EBD41B5D5D1E00E1B69D /* signIn:Up.storyboard */ = {isa = PBXFileReference; fileEncoding = 4; lastKnownFileType = file.storyboard; path = "signIn:Up.storyboard"; sourceTree = "<group>"; };
		0756EBD61B5D62DE00E1B69D /* signUpVC.swift */ = {isa = PBXFileReference; fileEncoding = 4; lastKnownFileType = sourcecode.swift; path = signUpVC.swift; sourceTree = "<group>"; };
		075BF2BC1B5D96D900FCBB82 /* walk2VC.swift */ = {isa = PBXFileReference; fileEncoding = 4; lastKnownFileType = sourcecode.swift; path = walk2VC.swift; sourceTree = "<group>"; };
		076ADCAC1B5E1C6F00949710 /* profile.storyboard */ = {isa = PBXFileReference; fileEncoding = 4; lastKnownFileType = file.storyboard; path = profile.storyboard; sourceTree = "<group>"; };
		076ADCAE1B5E1D4200949710 /* profileTBVC.swift */ = {isa = PBXFileReference; fileEncoding = 4; lastKnownFileType = sourcecode.swift; path = profileTBVC.swift; sourceTree = "<group>"; };
		076ADCB01B5E1E4D00949710 /* profileVC.swift */ = {isa = PBXFileReference; fileEncoding = 4; lastKnownFileType = sourcecode.swift; path = profileVC.swift; sourceTree = "<group>"; };
		076ADCB21B5E9B7C00949710 /* profileSVC.swift */ = {isa = PBXFileReference; fileEncoding = 4; lastKnownFileType = sourcecode.swift; path = profileSVC.swift; sourceTree = "<group>"; };
		0770628A1B5DA3E9002C81AB /* walk3VC.swift */ = {isa = PBXFileReference; fileEncoding = 4; lastKnownFileType = sourcecode.swift; path = walk3VC.swift; sourceTree = "<group>"; };
		0770628C1B5DA4B2002C81AB /* walkSkillTVC.swift */ = {isa = PBXFileReference; fileEncoding = 4; lastKnownFileType = sourcecode.swift; path = walkSkillTVC.swift; sourceTree = "<group>"; };
		0770628F1B5DB125002C81AB /* TagListView.swift */ = {isa = PBXFileReference; fileEncoding = 4; lastKnownFileType = sourcecode.swift; path = TagListView.swift; sourceTree = "<group>"; };
		077062901B5DB125002C81AB /* TagView.swift */ = {isa = PBXFileReference; fileEncoding = 4; lastKnownFileType = sourcecode.swift; path = TagView.swift; sourceTree = "<group>"; };
		077062931B5DB4EC002C81AB /* walk4VC.swift */ = {isa = PBXFileReference; fileEncoding = 4; lastKnownFileType = sourcecode.swift; path = walk4VC.swift; sourceTree = "<group>"; };
		077062951B5DB5C7002C81AB /* central.storyboard */ = {isa = PBXFileReference; fileEncoding = 4; lastKnownFileType = file.storyboard; path = central.storyboard; sourceTree = "<group>"; };
		07967E5E1B5D73DB00CF4ADD /* signInVC.swift */ = {isa = PBXFileReference; fileEncoding = 4; lastKnownFileType = sourcecode.swift; path = signInVC.swift; sourceTree = "<group>"; };
		07F7D8DA1B5D78C90047C0D0 /* walkThrough.storyboard */ = {isa = PBXFileReference; fileEncoding = 4; lastKnownFileType = file.storyboard; path = walkThrough.storyboard; sourceTree = "<group>"; };
		07F7D8DC1B5D7C190047C0D0 /* walk1VC.swift */ = {isa = PBXFileReference; fileEncoding = 4; lastKnownFileType = sourcecode.swift; path = walk1VC.swift; sourceTree = "<group>"; };
		07F7D8DE1B5D8E370047C0D0 /* camera.h */ = {isa = PBXFileReference; fileEncoding = 4; lastKnownFileType = sourcecode.c.h; path = camera.h; sourceTree = "<group>"; };
		07F7D8DF1B5D8E370047C0D0 /* camera.m */ = {isa = PBXFileReference; fileEncoding = 4; lastKnownFileType = sourcecode.c.objc; path = camera.m; sourceTree = "<group>"; };
		690622F687E210C49BA277DC /* Pods.release.xcconfig */ = {isa = PBXFileReference; includeInIndex = 1; lastKnownFileType = text.xcconfig; name = Pods.release.xcconfig; path = "Pods/Target Support Files/Pods/Pods.release.xcconfig"; sourceTree = "<group>"; };
		D5F2E3C0F706D9215307F387 /* Pods.debug.xcconfig */ = {isa = PBXFileReference; includeInIndex = 1; lastKnownFileType = text.xcconfig; name = Pods.debug.xcconfig; path = "Pods/Target Support Files/Pods/Pods.debug.xcconfig"; sourceTree = "<group>"; };
		EFDA2CCDE3F7A20B2DC81D1D /* Pods.framework */ = {isa = PBXFileReference; explicitFileType = wrapper.framework; includeInIndex = 0; path = Pods.framework; sourceTree = BUILT_PRODUCTS_DIR; };
/* End PBXFileReference section */

/* Begin PBXFrameworksBuildPhase section */
		07363B0A1B5D49B900709C14 /* Frameworks */ = {
			isa = PBXFrameworksBuildPhase;
			buildActionMask = 2147483647;
			files = (
				070BCB091B5D4C2C004C9C8D /* libsqlite3.dylib in Frameworks */,
				070BCB071B5D4C24004C9C8D /* libz.dylib in Frameworks */,
				070BCB051B5D4C1D004C9C8D /* SystemConfiguration.framework in Frameworks */,
				070BCB031B5D4C16004C9C8D /* StoreKit.framework in Frameworks */,
				070BCB011B5D4C0E004C9C8D /* Security.framework in Frameworks */,
				070BCAFF1B5D4C05004C9C8D /* QuartzCore.framework in Frameworks */,
				070BCAFD1B5D4BFC004C9C8D /* CoreGraphics.framework in Frameworks */,
				070BCAFB1B5D4BF5004C9C8D /* CFNetwork.framework in Frameworks */,
				070BCAF91B5D4BED004C9C8D /* AudioToolbox.framework in Frameworks */,
				4C4DD5C0217DA69CD994D119 /* Pods.framework in Frameworks */,
				070BCAF71B5D4BC1004C9C8D /* Parse.framework in Frameworks */,
				070BCAF61B5D4BC1004C9C8D /* Bolts.framework in Frameworks */,
			);
			runOnlyForDeploymentPostprocessing = 0;
		};
		07363B1F1B5D49BA00709C14 /* Frameworks */ = {
			isa = PBXFrameworksBuildPhase;
			buildActionMask = 2147483647;
			files = (
			);
			runOnlyForDeploymentPostprocessing = 0;
		};
/* End PBXFrameworksBuildPhase section */

/* Begin PBXGroup section */
		073320B71B5D6B8000416270 /* ProgressHUD */ = {
			isa = PBXGroup;
			children = (
				073320B81B5D6B8000416270 /* ProgressHUD.bundle */,
				073320B91B5D6B8000416270 /* ProgressHUD.h */,
				073320BA1B5D6B8000416270 /* ProgressHUD.m */,
			);
			path = ProgressHUD;
			sourceTree = "<group>";
		};
		07363B041B5D49B900709C14 = {
			isa = PBXGroup;
			children = (
				07363B0F1B5D49BA00709C14 /* Kiwi */,
				07363B251B5D49BA00709C14 /* KiwiTests */,
				07363B0E1B5D49BA00709C14 /* Products */,
				4F6D6D70B289FC293495CC5D /* Pods */,
				571CDFB4FBC8B70842E36128 /* Frameworks */,
			);
			sourceTree = "<group>";
		};
		07363B0E1B5D49BA00709C14 /* Products */ = {
			isa = PBXGroup;
			children = (
				07363B0D1B5D49BA00709C14 /* Kiwi.app */,
				07363B221B5D49BA00709C14 /* KiwiTests.xctest */,
			);
			name = Products;
			sourceTree = "<group>";
		};
		07363B0F1B5D49BA00709C14 /* Kiwi */ = {
			isa = PBXGroup;
			children = (
				07363B121B5D49BA00709C14 /* AppDelegate.swift */,
				07363B141B5D49BA00709C14 /* ViewController.swift */,
				0756EBD61B5D62DE00E1B69D /* signUpVC.swift */,
				07363B161B5D49BA00709C14 /* Main.storyboard */,
				0756EBD41B5D5D1E00E1B69D /* signIn:Up.storyboard */,
				07F7D8DA1B5D78C90047C0D0 /* walkThrough.storyboard */,
				0770628C1B5DA4B2002C81AB /* walkSkillTVC.swift */,
				075BF2BC1B5D96D900FCBB82 /* walk2VC.swift */,
				077062931B5DB4EC002C81AB /* walk4VC.swift */,
				07F7D8DC1B5D7C190047C0D0 /* walk1VC.swift */,
				076ADCB01B5E1E4D00949710 /* profileVC.swift */,
				077062951B5DB5C7002C81AB /* central.storyboard */,
				076ADCAC1B5E1C6F00949710 /* profile.storyboard */,
				07967E5E1B5D73DB00CF4ADD /* signInVC.swift */,
				076ADCAE1B5E1D4200949710 /* profileTBVC.swift */,
				076ADCB21B5E9B7C00949710 /* profileSVC.swift */,
				0770628A1B5DA3E9002C81AB /* walk3VC.swift */,
				07363B191B5D49BA00709C14 /* Images.xcassets */,
				07363B1B1B5D49BA00709C14 /* LaunchScreen.xib */,
				07363B101B5D49BA00709C14 /* Supporting Files */,
				070BCAF11B5D4B19004C9C8D /* Kiwi-Bridging-Header.h */,
			);
			path = Kiwi;
			sourceTree = "<group>";
		};
		07363B101B5D49BA00709C14 /* Supporting Files */ = {
			isa = PBXGroup;
			children = (
				0756EBD11B5D56EC00E1B69D /* Fonts */,
				07363B111B5D49BA00709C14 /* Info.plist */,
			);
			name = "Supporting Files";
			sourceTree = "<group>";
		};
		07363B251B5D49BA00709C14 /* KiwiTests */ = {
			isa = PBXGroup;
			children = (
				07363B281B5D49BA00709C14 /* KiwiTests.swift */,
				07363B261B5D49BA00709C14 /* Supporting Files */,
			);
			path = KiwiTests;
			sourceTree = "<group>";
		};
		07363B261B5D49BA00709C14 /* Supporting Files */ = {
			isa = PBXGroup;
			children = (
				07363B271B5D49BA00709C14 /* Info.plist */,
			);
			name = "Supporting Files";
			sourceTree = "<group>";
		};
		0756EBD11B5D56EC00E1B69D /* Fonts */ = {
			isa = PBXGroup;
			children = (
				0756EBD21B5D571E00E1B69D /* Lato-Thin.ttf */,
				0756EBD31B5D572700E1B69D /* Lato-Bold.ttf */,
			);
			name = Fonts;
			sourceTree = "<group>";
		};
		0770628E1B5DB125002C81AB /* TagListView */ = {
			isa = PBXGroup;
			children = (
				0770628F1B5DB125002C81AB /* TagListView.swift */,
				077062901B5DB125002C81AB /* TagView.swift */,
			);
			path = TagListView;
			sourceTree = "<group>";
		};
		4F6D6D70B289FC293495CC5D /* Pods */ = {
			isa = PBXGroup;
			children = (
				D5F2E3C0F706D9215307F387 /* Pods.debug.xcconfig */,
				690622F687E210C49BA277DC /* Pods.release.xcconfig */,
			);
			name = Pods;
			sourceTree = "<group>";
		};
		571CDFB4FBC8B70842E36128 /* Frameworks */ = {
			isa = PBXGroup;
			children = (
				0770628E1B5DB125002C81AB /* TagListView */,
				07F7D8DE1B5D8E370047C0D0 /* camera.h */,
				07F7D8DF1B5D8E370047C0D0 /* camera.m */,
				073320B71B5D6B8000416270 /* ProgressHUD */,
				070BCB081B5D4C2C004C9C8D /* libsqlite3.dylib */,
				070BCB061B5D4C24004C9C8D /* libz.dylib */,
				070BCB041B5D4C1D004C9C8D /* SystemConfiguration.framework */,
				070BCB021B5D4C16004C9C8D /* StoreKit.framework */,
				070BCB001B5D4C0E004C9C8D /* Security.framework */,
				070BCAFE1B5D4C05004C9C8D /* QuartzCore.framework */,
				070BCAFC1B5D4BFC004C9C8D /* CoreGraphics.framework */,
				070BCAFA1B5D4BF5004C9C8D /* CFNetwork.framework */,
				070BCAF81B5D4BED004C9C8D /* AudioToolbox.framework */,
				070BCAF41B5D4BC1004C9C8D /* Bolts.framework */,
				070BCAF51B5D4BC1004C9C8D /* Parse.framework */,
				EFDA2CCDE3F7A20B2DC81D1D /* Pods.framework */,
			);
			name = Frameworks;
			sourceTree = "<group>";
		};
/* End PBXGroup section */

/* Begin PBXNativeTarget section */
		07363B0C1B5D49B900709C14 /* Kiwi */ = {
			isa = PBXNativeTarget;
			buildConfigurationList = 07363B2C1B5D49BA00709C14 /* Build configuration list for PBXNativeTarget "Kiwi" */;
			buildPhases = (
				DEC9963CEFDA5F00565F7553 /* Check Pods Manifest.lock */,
				07363B091B5D49B900709C14 /* Sources */,
				07363B0A1B5D49B900709C14 /* Frameworks */,
				07363B0B1B5D49B900709C14 /* Resources */,
				BF21AFA18CBF858DB94F49BF /* Embed Pods Frameworks */,
				531FCEAF3D9681BFFF0BD59A /* Copy Pods Resources */,
			);
			buildRules = (
			);
			dependencies = (
			);
			name = Kiwi;
			productName = Kiwi;
			productReference = 07363B0D1B5D49BA00709C14 /* Kiwi.app */;
			productType = "com.apple.product-type.application";
		};
		07363B211B5D49BA00709C14 /* KiwiTests */ = {
			isa = PBXNativeTarget;
			buildConfigurationList = 07363B2F1B5D49BA00709C14 /* Build configuration list for PBXNativeTarget "KiwiTests" */;
			buildPhases = (
				07363B1E1B5D49BA00709C14 /* Sources */,
				07363B1F1B5D49BA00709C14 /* Frameworks */,
				07363B201B5D49BA00709C14 /* Resources */,
			);
			buildRules = (
			);
			dependencies = (
				07363B241B5D49BA00709C14 /* PBXTargetDependency */,
			);
			name = KiwiTests;
			productName = KiwiTests;
			productReference = 07363B221B5D49BA00709C14 /* KiwiTests.xctest */;
			productType = "com.apple.product-type.bundle.unit-test";
		};
/* End PBXNativeTarget section */

/* Begin PBXProject section */
		07363B051B5D49B900709C14 /* Project object */ = {
			isa = PBXProject;
			attributes = {
				LastUpgradeCheck = 0640;
				ORGANIZATIONNAME = Plico;
				TargetAttributes = {
					07363B0C1B5D49B900709C14 = {
						CreatedOnToolsVersion = 6.4;
					};
					07363B211B5D49BA00709C14 = {
						CreatedOnToolsVersion = 6.4;
						TestTargetID = 07363B0C1B5D49B900709C14;
					};
				};
			};
			buildConfigurationList = 07363B081B5D49B900709C14 /* Build configuration list for PBXProject "Kiwi" */;
			compatibilityVersion = "Xcode 3.2";
			developmentRegion = English;
			hasScannedForEncodings = 0;
			knownRegions = (
				en,
				Base,
			);
			mainGroup = 07363B041B5D49B900709C14;
			productRefGroup = 07363B0E1B5D49BA00709C14 /* Products */;
			projectDirPath = "";
			projectRoot = "";
			targets = (
				07363B0C1B5D49B900709C14 /* Kiwi */,
				07363B211B5D49BA00709C14 /* KiwiTests */,
			);
		};
/* End PBXProject section */

/* Begin PBXResourcesBuildPhase section */
		07363B0B1B5D49B900709C14 /* Resources */ = {
			isa = PBXResourcesBuildPhase;
			buildActionMask = 2147483647;
			files = (
				07363B181B5D49BA00709C14 /* Main.storyboard in Resources */,
				07363B1D1B5D49BA00709C14 /* LaunchScreen.xib in Resources */,
				076ADCAD1B5E1C6F00949710 /* profile.storyboard in Resources */,
				0756EBD51B5D5D1E00E1B69D /* signIn:Up.storyboard in Resources */,
				073320BB1B5D6B8000416270 /* ProgressHUD.bundle in Resources */,
				07363B1A1B5D49BA00709C14 /* Images.xcassets in Resources */,
				077062961B5DB5C7002C81AB /* central.storyboard in Resources */,
				07F7D8DB1B5D78C90047C0D0 /* walkThrough.storyboard in Resources */,
			);
			runOnlyForDeploymentPostprocessing = 0;
		};
		07363B201B5D49BA00709C14 /* Resources */ = {
			isa = PBXResourcesBuildPhase;
			buildActionMask = 2147483647;
			files = (
			);
			runOnlyForDeploymentPostprocessing = 0;
		};
/* End PBXResourcesBuildPhase section */

/* Begin PBXShellScriptBuildPhase section */
		531FCEAF3D9681BFFF0BD59A /* Copy Pods Resources */ = {
			isa = PBXShellScriptBuildPhase;
			buildActionMask = 2147483647;
			files = (
			);
			inputPaths = (
			);
			name = "Copy Pods Resources";
			outputPaths = (
			);
			runOnlyForDeploymentPostprocessing = 0;
			shellPath = /bin/sh;
			shellScript = "\"${SRCROOT}/Pods/Target Support Files/Pods/Pods-resources.sh\"\n";
			showEnvVarsInLog = 0;
		};
		BF21AFA18CBF858DB94F49BF /* Embed Pods Frameworks */ = {
			isa = PBXShellScriptBuildPhase;
			buildActionMask = 2147483647;
			files = (
			);
			inputPaths = (
			);
			name = "Embed Pods Frameworks";
			outputPaths = (
			);
			runOnlyForDeploymentPostprocessing = 0;
			shellPath = /bin/sh;
			shellScript = "\"${SRCROOT}/Pods/Target Support Files/Pods/Pods-frameworks.sh\"\n";
			showEnvVarsInLog = 0;
		};
		DEC9963CEFDA5F00565F7553 /* Check Pods Manifest.lock */ = {
			isa = PBXShellScriptBuildPhase;
			buildActionMask = 2147483647;
			files = (
			);
			inputPaths = (
			);
			name = "Check Pods Manifest.lock";
			outputPaths = (
			);
			runOnlyForDeploymentPostprocessing = 0;
			shellPath = /bin/sh;
			shellScript = "diff \"${PODS_ROOT}/../Podfile.lock\" \"${PODS_ROOT}/Manifest.lock\" > /dev/null\nif [[ $? != 0 ]] ; then\n    cat << EOM\nerror: The sandbox is not in sync with the Podfile.lock. Run 'pod install' or update your CocoaPods installation.\nEOM\n    exit 1\nfi\n";
			showEnvVarsInLog = 0;
		};
/* End PBXShellScriptBuildPhase section */

/* Begin PBXSourcesBuildPhase section */
		07363B091B5D49B900709C14 /* Sources */ = {
			isa = PBXSourcesBuildPhase;
			buildActionMask = 2147483647;
			files = (
				0756EBD71B5D62DE00E1B69D /* signUpVC.swift in Sources */,
				077062941B5DB4EC002C81AB /* walk4VC.swift in Sources */,
				07363B151B5D49BA00709C14 /* ViewController.swift in Sources */,
				075BF2BD1B5D96D900FCBB82 /* walk2VC.swift in Sources */,
				076ADCB11B5E1E4D00949710 /* profileVC.swift in Sources */,
				076ADCAF1B5E1D4200949710 /* profileTBVC.swift in Sources */,
				073320BC1B5D6B8000416270 /* ProgressHUD.m in Sources */,
				07F7D8E01B5D8E370047C0D0 /* camera.m in Sources */,
				076ADCB31B5E9B7C00949710 /* profileSVC.swift in Sources */,
				0770628B1B5DA3E9002C81AB /* walk3VC.swift in Sources */,
				0770628D1B5DA4B2002C81AB /* walkSkillTVC.swift in Sources */,
				077062911B5DB125002C81AB /* TagListView.swift in Sources */,
				07363B131B5D49BA00709C14 /* AppDelegate.swift in Sources */,
				07967E5F1B5D73DB00CF4ADD /* signInVC.swift in Sources */,
				07F7D8DD1B5D7C190047C0D0 /* walk1VC.swift in Sources */,
				077062921B5DB125002C81AB /* TagView.swift in Sources */,
			);
			runOnlyForDeploymentPostprocessing = 0;
		};
		07363B1E1B5D49BA00709C14 /* Sources */ = {
			isa = PBXSourcesBuildPhase;
			buildActionMask = 2147483647;
			files = (
				07363B291B5D49BA00709C14 /* KiwiTests.swift in Sources */,
			);
			runOnlyForDeploymentPostprocessing = 0;
		};
/* End PBXSourcesBuildPhase section */

/* Begin PBXTargetDependency section */
		07363B241B5D49BA00709C14 /* PBXTargetDependency */ = {
			isa = PBXTargetDependency;
			target = 07363B0C1B5D49B900709C14 /* Kiwi */;
			targetProxy = 07363B231B5D49BA00709C14 /* PBXContainerItemProxy */;
		};
/* End PBXTargetDependency section */

/* Begin PBXVariantGroup section */
		07363B161B5D49BA00709C14 /* Main.storyboard */ = {
			isa = PBXVariantGroup;
			children = (
				07363B171B5D49BA00709C14 /* Base */,
			);
			name = Main.storyboard;
			sourceTree = "<group>";
		};
		07363B1B1B5D49BA00709C14 /* LaunchScreen.xib */ = {
			isa = PBXVariantGroup;
			children = (
				07363B1C1B5D49BA00709C14 /* Base */,
			);
			name = LaunchScreen.xib;
			sourceTree = "<group>";
		};
/* End PBXVariantGroup section */

/* Begin XCBuildConfiguration section */
		07363B2A1B5D49BA00709C14 /* Debug */ = {
			isa = XCBuildConfiguration;
			buildSettings = {
				ALWAYS_SEARCH_USER_PATHS = NO;
				CLANG_CXX_LANGUAGE_STANDARD = "gnu++0x";
				CLANG_CXX_LIBRARY = "libc++";
				CLANG_ENABLE_MODULES = YES;
				CLANG_ENABLE_OBJC_ARC = YES;
				CLANG_WARN_BOOL_CONVERSION = YES;
				CLANG_WARN_CONSTANT_CONVERSION = YES;
				CLANG_WARN_DIRECT_OBJC_ISA_USAGE = YES_ERROR;
				CLANG_WARN_EMPTY_BODY = YES;
				CLANG_WARN_ENUM_CONVERSION = YES;
				CLANG_WARN_INT_CONVERSION = YES;
				CLANG_WARN_OBJC_ROOT_CLASS = YES_ERROR;
				CLANG_WARN_UNREACHABLE_CODE = YES;
				CLANG_WARN__DUPLICATE_METHOD_MATCH = YES;
				"CODE_SIGN_IDENTITY[sdk=iphoneos*]" = "iPhone Developer";
				COPY_PHASE_STRIP = NO;
				DEBUG_INFORMATION_FORMAT = "dwarf-with-dsym";
				ENABLE_STRICT_OBJC_MSGSEND = YES;
				GCC_C_LANGUAGE_STANDARD = gnu99;
				GCC_DYNAMIC_NO_PIC = NO;
				GCC_NO_COMMON_BLOCKS = YES;
				GCC_OPTIMIZATION_LEVEL = 0;
				GCC_PREPROCESSOR_DEFINITIONS = (
					"DEBUG=1",
					"$(inherited)",
				);
				GCC_SYMBOLS_PRIVATE_EXTERN = NO;
				GCC_WARN_64_TO_32_BIT_CONVERSION = YES;
				GCC_WARN_ABOUT_RETURN_TYPE = YES_ERROR;
				GCC_WARN_UNDECLARED_SELECTOR = YES;
				GCC_WARN_UNINITIALIZED_AUTOS = YES_AGGRESSIVE;
				GCC_WARN_UNUSED_FUNCTION = YES;
				GCC_WARN_UNUSED_VARIABLE = YES;
				IPHONEOS_DEPLOYMENT_TARGET = 8.4;
				MTL_ENABLE_DEBUG_INFO = YES;
				ONLY_ACTIVE_ARCH = YES;
				SDKROOT = iphoneos;
				SWIFT_OPTIMIZATION_LEVEL = "-Onone";
			};
			name = Debug;
		};
		07363B2B1B5D49BA00709C14 /* Release */ = {
			isa = XCBuildConfiguration;
			buildSettings = {
				ALWAYS_SEARCH_USER_PATHS = NO;
				CLANG_CXX_LANGUAGE_STANDARD = "gnu++0x";
				CLANG_CXX_LIBRARY = "libc++";
				CLANG_ENABLE_MODULES = YES;
				CLANG_ENABLE_OBJC_ARC = YES;
				CLANG_WARN_BOOL_CONVERSION = YES;
				CLANG_WARN_CONSTANT_CONVERSION = YES;
				CLANG_WARN_DIRECT_OBJC_ISA_USAGE = YES_ERROR;
				CLANG_WARN_EMPTY_BODY = YES;
				CLANG_WARN_ENUM_CONVERSION = YES;
				CLANG_WARN_INT_CONVERSION = YES;
				CLANG_WARN_OBJC_ROOT_CLASS = YES_ERROR;
				CLANG_WARN_UNREACHABLE_CODE = YES;
				CLANG_WARN__DUPLICATE_METHOD_MATCH = YES;
				"CODE_SIGN_IDENTITY[sdk=iphoneos*]" = "iPhone Developer";
				COPY_PHASE_STRIP = NO;
				DEBUG_INFORMATION_FORMAT = "dwarf-with-dsym";
				ENABLE_NS_ASSERTIONS = NO;
				ENABLE_STRICT_OBJC_MSGSEND = YES;
				GCC_C_LANGUAGE_STANDARD = gnu99;
				GCC_NO_COMMON_BLOCKS = YES;
				GCC_WARN_64_TO_32_BIT_CONVERSION = YES;
				GCC_WARN_ABOUT_RETURN_TYPE = YES_ERROR;
				GCC_WARN_UNDECLARED_SELECTOR = YES;
				GCC_WARN_UNINITIALIZED_AUTOS = YES_AGGRESSIVE;
				GCC_WARN_UNUSED_FUNCTION = YES;
				GCC_WARN_UNUSED_VARIABLE = YES;
				IPHONEOS_DEPLOYMENT_TARGET = 8.4;
				MTL_ENABLE_DEBUG_INFO = NO;
				SDKROOT = iphoneos;
				VALIDATE_PRODUCT = YES;
			};
			name = Release;
		};
		07363B2D1B5D49BA00709C14 /* Debug */ = {
			isa = XCBuildConfiguration;
			baseConfigurationReference = D5F2E3C0F706D9215307F387 /* Pods.debug.xcconfig */;
			buildSettings = {
				ASSETCATALOG_COMPILER_APPICON_NAME = AppIcon;
				CLANG_ENABLE_MODULES = YES;
				FRAMEWORK_SEARCH_PATHS = (
					"$(inherited)",
					"$(PROJECT_DIR)",
				);
				INFOPLIST_FILE = Kiwi/Info.plist;
				LD_RUNPATH_SEARCH_PATHS = "$(inherited) @executable_path/Frameworks";
				PRODUCT_NAME = "$(TARGET_NAME)";
				SWIFT_OBJC_BRIDGING_HEADER = "Kiwi/Kiwi-Bridging-Header.h";
				SWIFT_OPTIMIZATION_LEVEL = "-Onone";
			};
			name = Debug;
		};
		07363B2E1B5D49BA00709C14 /* Release */ = {
			isa = XCBuildConfiguration;
			baseConfigurationReference = 690622F687E210C49BA277DC /* Pods.release.xcconfig */;
			buildSettings = {
				ASSETCATALOG_COMPILER_APPICON_NAME = AppIcon;
				CLANG_ENABLE_MODULES = YES;
				FRAMEWORK_SEARCH_PATHS = (
					"$(inherited)",
					"$(PROJECT_DIR)",
				);
				INFOPLIST_FILE = Kiwi/Info.plist;
				LD_RUNPATH_SEARCH_PATHS = "$(inherited) @executable_path/Frameworks";
				PRODUCT_NAME = "$(TARGET_NAME)";
				SWIFT_OBJC_BRIDGING_HEADER = "Kiwi/Kiwi-Bridging-Header.h";
			};
			name = Release;
		};
		07363B301B5D49BA00709C14 /* Debug */ = {
			isa = XCBuildConfiguration;
			buildSettings = {
				BUNDLE_LOADER = "$(TEST_HOST)";
				FRAMEWORK_SEARCH_PATHS = (
					"$(SDKROOT)/Developer/Library/Frameworks",
					"$(inherited)",
				);
				GCC_PREPROCESSOR_DEFINITIONS = (
					"DEBUG=1",
					"$(inherited)",
				);
				INFOPLIST_FILE = KiwiTests/Info.plist;
				LD_RUNPATH_SEARCH_PATHS = "$(inherited) @executable_path/Frameworks @loader_path/Frameworks";
				PRODUCT_NAME = "$(TARGET_NAME)";
				TEST_HOST = "$(BUILT_PRODUCTS_DIR)/Kiwi.app/Kiwi";
			};
			name = Debug;
		};
		07363B311B5D49BA00709C14 /* Release */ = {
			isa = XCBuildConfiguration;
			buildSettings = {
				BUNDLE_LOADER = "$(TEST_HOST)";
				FRAMEWORK_SEARCH_PATHS = (
					"$(SDKROOT)/Developer/Library/Frameworks",
					"$(inherited)",
				);
				INFOPLIST_FILE = KiwiTests/Info.plist;
				LD_RUNPATH_SEARCH_PATHS = "$(inherited) @executable_path/Frameworks @loader_path/Frameworks";
				PRODUCT_NAME = "$(TARGET_NAME)";
				TEST_HOST = "$(BUILT_PRODUCTS_DIR)/Kiwi.app/Kiwi";
			};
			name = Release;
		};
/* End XCBuildConfiguration section */

/* Begin XCConfigurationList section */
		07363B081B5D49B900709C14 /* Build configuration list for PBXProject "Kiwi" */ = {
			isa = XCConfigurationList;
			buildConfigurations = (
				07363B2A1B5D49BA00709C14 /* Debug */,
				07363B2B1B5D49BA00709C14 /* Release */,
			);
			defaultConfigurationIsVisible = 0;
			defaultConfigurationName = Release;
		};
		07363B2C1B5D49BA00709C14 /* Build configuration list for PBXNativeTarget "Kiwi" */ = {
			isa = XCConfigurationList;
			buildConfigurations = (
				07363B2D1B5D49BA00709C14 /* Debug */,
				07363B2E1B5D49BA00709C14 /* Release */,
			);
			defaultConfigurationIsVisible = 0;
			defaultConfigurationName = Release;
		};
		07363B2F1B5D49BA00709C14 /* Build configuration list for PBXNativeTarget "KiwiTests" */ = {
			isa = XCConfigurationList;
			buildConfigurations = (
				07363B301B5D49BA00709C14 /* Debug */,
				07363B311B5D49BA00709C14 /* Release */,
			);
			defaultConfigurationIsVisible = 0;
			defaultConfigurationName = Release;
		};
/* End XCConfigurationList section */
	};
	rootObject = 07363B051B5D49B900709C14 /* Project object */;
}
